dependencies:
- name: frontend
  repository: file://charts/frontend
  version: 0.1.0
- name: backend
  repository: file://charts/backend
  version: 0.1.0
- name: postgres
  repository: file://charts/postgres
  version: 0.1.0
digest: sha256:44c0f57d1d52716cc4960c5f24325d055cf8a90b6d4742efc3302ebd4008345e
generated: "2026-08-26T11:51:22.5456034+05:30"
